
Microsoft Visual Studio Solution File, Format Version 12.00
# Visual Studio Version 16
VisualStudioVersion = 16.0.30717.126
MinimumVisualStudioVersion = 10.0.40219.1
Project("{FAE04EC0-301F-11D3-BF4B-00C04F79EFBC}") = "DatingApp.Api", "DatingApp.Api\DatingApp.Api.csproj", "{61FDFB67-86E6-49CE-B878-69DAAAB0094E}"
EndProject
Global
	GlobalSection(SolutionConfigurationPlatforms) = preSolution
		Debug|Any CPU = Debug|Any CPU
		Release|Any CPU = Release|Any CPU
	EndGlobalSection
	GlobalSection(ProjectConfigurationPlatforms) = postSolution
		{61FDFB67-86E6-49CE-B878-69DAAAB0094E}.Debug|Any CPU.ActiveCfg = Debug|Any CPU
		{61FDFB67-86E6-49CE-B878-69DAAAB0094E}.Debug|Any CPU.Build.0 = Debug|Any CPU
		{61FDFB67-86E6-49CE-B878-69DAAAB0094E}.Release|Any CPU.ActiveCfg = Release|Any CPU
		{61FDFB67-86E6-49CE-B878-69DAAAB0094E}.Release|Any CPU.Build.0 = Release|Any CPU
	EndGlobalSection
	GlobalSection(SolutionProperties) = preSolution
		HideSolutionNode = FALSE
	EndGlobalSection
	GlobalSection(ExtensibilityGlobals) = postSolution
		SolutionGuid = {1AF5AA94-4DFA-4DA5-82FA-4643AC046C27}
	EndGlobalSection
EndGlobal
